
Microsoft Visual Studio Solution File, Format Version 12.00
# Visual Studio Version 17
VisualStudioVersion = 17.13.35825.156
MinimumVisualStudioVersion = 10.0.40219.1
Project("{2150E333-8FDC-42A3-9474-1A3956D46DE8}") = "ch04", "ch04", "{C8D5274F-AC00-46C7-1F8D-E88E81087A52}"
EndProject
Project("{8BC9CEB8-8B4A-11D0-8D11-00A0C91BC942}") = "1_1_Overlapped_Echo_Client", "ch04\1_1_Overlapped_Echo_Client\1_1_Overlapped_Echo_Client.vcxproj", "{482E088E-439C-40E4-9E6E-A7CF959961D0}"
EndProject
Project("{2150E333-8FDC-42A3-9474-1A3956D46DE8}") = "ch05", "ch05", "{788D701F-2808-4724-9E0F-5702F3653B79}"
EndProject
Project("{8BC9CEB8-8B4A-11D0-8D11-00A0C91BC942}") = "IOCP_server", "ch05\IOCP_server\IOCP_server.vcxproj", "{A8902E35-0F80-4239-A32C-FC30D0CB1E52}"
EndProject
Project("{8BC9CEB8-8B4A-11D0-8D11-00A0C91BC942}") = "chat_client", "ch04\chat_client\chat_client.vcxproj", "{8C9D51A5-760F-4B23-A16D-5C02AE76DC49}"
EndProject
Project("{8BC9CEB8-8B4A-11D0-8D11-00A0C91BC942}") = "overlapped_chat_server", "ch04\n_1_overlapped_chat_server\overlapped_chat_server.vcxproj", "{AA3C1B0B-724C-43BD-B1D3-A0508E163D9B}"
EndProject
Project("{8BC9CEB8-8B4A-11D0-8D11-00A0C91BC942}") = "IOCP_chat_server", "ch05\IOCP_chat_server\IOCP_chat_server.vcxproj", "{CB2852F1-8E16-42D1-8F05-3FFC93720D91}"
EndProject
Project("{8BC9CEB8-8B4A-11D0-8D11-00A0C91BC942}") = "chat_client_05", "ch05\chat_client_05\chat_client_05.vcxproj", "{0AC1D2B8-E710-4DD6-A696-796180F189B5}"
EndProject
Project("{2150E333-8FDC-42A3-9474-1A3956D46DE8}") = "ch07", "ch07", "{BAD47450-5976-4DE0-99D5-36A20F1F0AC6}"
EndProject
Project("{8BC9CEB8-8B4A-11D0-8D11-00A0C91BC942}") = "IOCP_MT", "IOCP_MT\IOCP_MT.vcxproj", "{10528B41-86E6-4725-B4F8-44D05B7CA7D5}"
EndProject
Project("{2150E333-8FDC-42A3-9474-1A3956D46DE8}") = "ch08", "ch08", "{F14B0F62-D82B-49EB-B673-641703C1451E}"
EndProject
Project("{8BC9CEB8-8B4A-11D0-8D11-00A0C91BC942}") = "client_sample", "ch08\client_sample\client_sample.vcxproj", "{DCB4DC6C-AE50-42B1-A2C8-7B345E09975E}"
EndProject
Project("{8BC9CEB8-8B4A-11D0-8D11-00A0C91BC942}") = "STRESS_TEST", "ch08\STRESS_TEST\STRESS_TEST.vcxproj", "{78CFAE3D-E68D-4F82-9C2A-9459398D429F}"
EndProject
Project("{2150E333-8FDC-42A3-9474-1A3956D46DE8}") = "ch09", "ch09", "{3DAC5DE4-816B-4ED7-9F4F-6B0DC0FCDC56}"
EndProject
Project("{8BC9CEB8-8B4A-11D0-8D11-00A0C91BC942}") = "iocp_view", "ch09\iocp_view\iocp_view.vcxproj", "{5C582B95-B244-4CAE-BA68-65DEDFAF83B6}"
EndProject
Global
	GlobalSection(SolutionConfigurationPlatforms) = preSolution
		Debug|x64 = Debug|x64
		Debug|x86 = Debug|x86
		Release|x64 = Release|x64
		Release|x86 = Release|x86
	EndGlobalSection
	GlobalSection(ProjectConfigurationPlatforms) = postSolution
		{482E088E-439C-40E4-9E6E-A7CF959961D0}.Debug|x64.ActiveCfg = Debug|x64
		{482E088E-439C-40E4-9E6E-A7CF959961D0}.Debug|x64.Build.0 = Debug|x64
		{482E088E-439C-40E4-9E6E-A7CF959961D0}.Debug|x86.ActiveCfg = Debug|Win32
		{482E088E-439C-40E4-9E6E-A7CF959961D0}.Debug|x86.Build.0 = Debug|Win32
		{482E088E-439C-40E4-9E6E-A7CF959961D0}.Release|x64.ActiveCfg = Release|x64
		{482E088E-439C-40E4-9E6E-A7CF959961D0}.Release|x64.Build.0 = Release|x64
		{482E088E-439C-40E4-9E6E-A7CF959961D0}.Release|x86.ActiveCfg = Release|Win32
		{482E088E-439C-40E4-9E6E-A7CF959961D0}.Release|x86.Build.0 = Release|Win32
		{A8902E35-0F80-4239-A32C-FC30D0CB1E52}.Debug|x64.ActiveCfg = Debug|x64
		{A8902E35-0F80-4239-A32C-FC30D0CB1E52}.Debug|x64.Build.0 = Debug|x64
		{A8902E35-0F80-4239-A32C-FC30D0CB1E52}.Debug|x86.ActiveCfg = Debug|Win32
		{A8902E35-0F80-4239-A32C-FC30D0CB1E52}.Debug|x86.Build.0 = Debug|Win32
		{A8902E35-0F80-4239-A32C-FC30D0CB1E52}.Release|x64.ActiveCfg = Release|x64
		{A8902E35-0F80-4239-A32C-FC30D0CB1E52}.Release|x64.Build.0 = Release|x64
		{A8902E35-0F80-4239-A32C-FC30D0CB1E52}.Release|x86.ActiveCfg = Release|Win32
		{A8902E35-0F80-4239-A32C-FC30D0CB1E52}.Release|x86.Build.0 = Release|Win32
		{8C9D51A5-760F-4B23-A16D-5C02AE76DC49}.Debug|x64.ActiveCfg = Debug|x64
		{8C9D51A5-760F-4B23-A16D-5C02AE76DC49}.Debug|x64.Build.0 = Debug|x64
		{8C9D51A5-760F-4B23-A16D-5C02AE76DC49}.Debug|x86.ActiveCfg = Debug|Win32
		{8C9D51A5-760F-4B23-A16D-5C02AE76DC49}.Debug|x86.Build.0 = Debug|Win32
		{8C9D51A5-760F-4B23-A16D-5C02AE76DC49}.Release|x64.ActiveCfg = Release|x64
		{8C9D51A5-760F-4B23-A16D-5C02AE76DC49}.Release|x64.Build.0 = Release|x64
		{8C9D51A5-760F-4B23-A16D-5C02AE76DC49}.Release|x86.ActiveCfg = Release|Win32
		{8C9D51A5-760F-4B23-A16D-5C02AE76DC49}.Release|x86.Build.0 = Release|Win32
		{AA3C1B0B-724C-43BD-B1D3-A0508E163D9B}.Debug|x64.ActiveCfg = Debug|x64
		{AA3C1B0B-724C-43BD-B1D3-A0508E163D9B}.Debug|x64.Build.0 = Debug|x64
		{AA3C1B0B-724C-43BD-B1D3-A0508E163D9B}.Debug|x86.ActiveCfg = Debug|Win32
		{AA3C1B0B-724C-43BD-B1D3-A0508E163D9B}.Debug|x86.Build.0 = Debug|Win32
		{AA3C1B0B-724C-43BD-B1D3-A0508E163D9B}.Release|x64.ActiveCfg = Release|x64
		{AA3C1B0B-724C-43BD-B1D3-A0508E163D9B}.Release|x64.Build.0 = Release|x64
		{AA3C1B0B-724C-43BD-B1D3-A0508E163D9B}.Release|x86.ActiveCfg = Release|Win32
		{AA3C1B0B-724C-43BD-B1D3-A0508E163D9B}.Release|x86.Build.0 = Release|Win32
		{CB2852F1-8E16-42D1-8F05-3FFC93720D91}.Debug|x64.ActiveCfg = Debug|x64
		{CB2852F1-8E16-42D1-8F05-3FFC93720D91}.Debug|x64.Build.0 = Debug|x64
		{CB2852F1-8E16-42D1-8F05-3FFC93720D91}.Debug|x86.ActiveCfg = Debug|Win32
		{CB2852F1-8E16-42D1-8F05-3FFC93720D91}.Debug|x86.Build.0 = Debug|Win32
		{CB2852F1-8E16-42D1-8F05-3FFC93720D91}.Release|x64.ActiveCfg = Release|x64
		{CB2852F1-8E16-42D1-8F05-3FFC93720D91}.Release|x64.Build.0 = Release|x64
		{CB2852F1-8E16-42D1-8F05-3FFC93720D91}.Release|x86.ActiveCfg = Release|Win32
		{CB2852F1-8E16-42D1-8F05-3FFC93720D91}.Release|x86.Build.0 = Release|Win32
		{0AC1D2B8-E710-4DD6-A696-796180F189B5}.Debug|x64.ActiveCfg = Debug|x64
		{0AC1D2B8-E710-4DD6-A696-796180F189B5}.Debug|x64.Build.0 = Debug|x64
		{0AC1D2B8-E710-4DD6-A696-796180F189B5}.Debug|x86.ActiveCfg = Debug|Win32
		{0AC1D2B8-E710-4DD6-A696-796180F189B5}.Debug|x86.Build.0 = Debug|Win32
		{0AC1D2B8-E710-4DD6-A696-796180F189B5}.Release|x64.ActiveCfg = Release|x64
		{0AC1D2B8-E710-4DD6-A696-796180F189B5}.Release|x64.Build.0 = Release|x64
		{0AC1D2B8-E710-4DD6-A696-796180F189B5}.Release|x86.ActiveCfg = Release|Win32
		{0AC1D2B8-E710-4DD6-A696-796180F189B5}.Release|x86.Build.0 = Release|Win32
		{10528B41-86E6-4725-B4F8-44D05B7CA7D5}.Debug|x64.ActiveCfg = Debug|x64
		{10528B41-86E6-4725-B4F8-44D05B7CA7D5}.Debug|x64.Build.0 = Debug|x64
		{10528B41-86E6-4725-B4F8-44D05B7CA7D5}.Debug|x86.ActiveCfg = Debug|Win32
		{10528B41-86E6-4725-B4F8-44D05B7CA7D5}.Debug|x86.Build.0 = Debug|Win32
		{10528B41-86E6-4725-B4F8-44D05B7CA7D5}.Release|x64.ActiveCfg = Release|x64
		{10528B41-86E6-4725-B4F8-44D05B7CA7D5}.Release|x64.Build.0 = Release|x64
		{10528B41-86E6-4725-B4F8-44D05B7CA7D5}.Release|x86.ActiveCfg = Release|Win32
		{10528B41-86E6-4725-B4F8-44D05B7CA7D5}.Release|x86.Build.0 = Release|Win32
		{DCB4DC6C-AE50-42B1-A2C8-7B345E09975E}.Debug|x64.ActiveCfg = Debug|x64
		{DCB4DC6C-AE50-42B1-A2C8-7B345E09975E}.Debug|x64.Build.0 = Debug|x64
		{DCB4DC6C-AE50-42B1-A2C8-7B345E09975E}.Debug|x86.ActiveCfg = Debug|Win32
		{DCB4DC6C-AE50-42B1-A2C8-7B345E09975E}.Debug|x86.Build.0 = Debug|Win32
		{DCB4DC6C-AE50-42B1-A2C8-7B345E09975E}.Release|x64.ActiveCfg = Release|x64
		{DCB4DC6C-AE50-42B1-A2C8-7B345E09975E}.Release|x64.Build.0 = Release|x64
		{DCB4DC6C-AE50-42B1-A2C8-7B345E09975E}.Release|x86.ActiveCfg = Release|Win32
		{DCB4DC6C-AE50-42B1-A2C8-7B345E09975E}.Release|x86.Build.0 = Release|Win32
		{78CFAE3D-E68D-4F82-9C2A-9459398D429F}.Debug|x64.ActiveCfg = Debug|x64
		{78CFAE3D-E68D-4F82-9C2A-9459398D429F}.Debug|x64.Build.0 = Debug|x64
		{78CFAE3D-E68D-4F82-9C2A-9459398D429F}.Debug|x86.ActiveCfg = Debug|Win32
		{78CFAE3D-E68D-4F82-9C2A-9459398D429F}.Debug|x86.Build.0 = Debug|Win32
		{78CFAE3D-E68D-4F82-9C2A-9459398D429F}.Release|x64.ActiveCfg = Release|x64
		{78CFAE3D-E68D-4F82-9C2A-9459398D429F}.Release|x64.Build.0 = Release|x64
		{78CFAE3D-E68D-4F82-9C2A-9459398D429F}.Release|x86.ActiveCfg = Release|Win32
		{78CFAE3D-E68D-4F82-9C2A-9459398D429F}.Release|x86.Build.0 = Release|Win32
		{5C582B95-B244-4CAE-BA68-65DEDFAF83B6}.Debug|x64.ActiveCfg = Debug|x64
		{5C582B95-B244-4CAE-BA68-65DEDFAF83B6}.Debug|x64.Build.0 = Debug|x64
		{5C582B95-B244-4CAE-BA68-65DEDFAF83B6}.Debug|x86.ActiveCfg = Debug|Win32
		{5C582B95-B244-4CAE-BA68-65DEDFAF83B6}.Debug|x86.Build.0 = Debug|Win32
		{5C582B95-B244-4CAE-BA68-65DEDFAF83B6}.Release|x64.ActiveCfg = Release|x64
		{5C582B95-B244-4CAE-BA68-65DEDFAF83B6}.Release|x64.Build.0 = Release|x64
		{5C582B95-B244-4CAE-BA68-65DEDFAF83B6}.Release|x86.ActiveCfg = Release|Win32
		{5C582B95-B244-4CAE-BA68-65DEDFAF83B6}.Release|x86.Build.0 = Release|Win32
	EndGlobalSection
	GlobalSection(SolutionProperties) = preSolution
		HideSolutionNode = FALSE
	EndGlobalSection
	GlobalSection(NestedProjects) = preSolution
		{482E088E-439C-40E4-9E6E-A7CF959961D0} = {C8D5274F-AC00-46C7-1F8D-E88E81087A52}
		{A8902E35-0F80-4239-A32C-FC30D0CB1E52} = {788D701F-2808-4724-9E0F-5702F3653B79}
		{8C9D51A5-760F-4B23-A16D-5C02AE76DC49} = {C8D5274F-AC00-46C7-1F8D-E88E81087A52}
		{AA3C1B0B-724C-43BD-B1D3-A0508E163D9B} = {C8D5274F-AC00-46C7-1F8D-E88E81087A52}
		{CB2852F1-8E16-42D1-8F05-3FFC93720D91} = {788D701F-2808-4724-9E0F-5702F3653B79}
		{0AC1D2B8-E710-4DD6-A696-796180F189B5} = {788D701F-2808-4724-9E0F-5702F3653B79}
		{10528B41-86E6-4725-B4F8-44D05B7CA7D5} = {BAD47450-5976-4DE0-99D5-36A20F1F0AC6}
		{DCB4DC6C-AE50-42B1-A2C8-7B345E09975E} = {F14B0F62-D82B-49EB-B673-641703C1451E}
		{78CFAE3D-E68D-4F82-9C2A-9459398D429F} = {F14B0F62-D82B-49EB-B673-641703C1451E}
		{5C582B95-B244-4CAE-BA68-65DEDFAF83B6} = {3DAC5DE4-816B-4ED7-9F4F-6B0DC0FCDC56}
	EndGlobalSection
	GlobalSection(ExtensibilityGlobals) = postSolution
		SolutionGuid = {B3F04524-7620-4E3D-81E4-09966A8ED339}
	EndGlobalSection
EndGlobal
